
Microsoft Visual Studio Solution File, Format Version 12.00
# Visual Studio 2012
Project("{FAE04EC0-301F-11D3-BF4B-00C04F79EFBC}") = "XFIntro.Android", "XFIntro.Android\XFIntro.Android.csproj", "{614D020D-E92D-4EEF-B6DD-1FF58DD399C1}"
EndProject
Project("{FAE04EC0-301F-11D3-BF4B-00C04F79EFBC}") = "XFIntro.iOS", "XFIntro.iOS\XFIntro.iOS.csproj", "{BC2889AE-67AA-4C08-8B2D-85C707FAEEE4}"
EndProject
Project("{FAE04EC0-301F-11D3-BF4B-00C04F79EFBC}") = "XFIntro", "XFIntro\XFIntro.csproj", "{C84D2918-4D1B-4CE6-B7F5-88D7E36681B6}"
EndProject
Global
	GlobalSection(SolutionConfigurationPlatforms) = preSolution
		Debug|Any CPU = Debug|Any CPU
		Release|Any CPU = Release|Any CPU
		Debug|iPhoneSimulator = Debug|iPhoneSimulator
		Release|iPhoneSimulator = Release|iPhoneSimulator
		Debug|iPhone = Debug|iPhone
		Release|iPhone = Release|iPhone
		Ad-Hoc|iPhone = Ad-Hoc|iPhone
		AppStore|iPhone = AppStore|iPhone
	EndGlobalSection
	GlobalSection(ProjectConfigurationPlatforms) = postSolution
		{614D020D-E92D-4EEF-B6DD-1FF58DD399C1}.Debug|Any CPU.ActiveCfg = Debug|Any CPU
		{614D020D-E92D-4EEF-B6DD-1FF58DD399C1}.Debug|Any CPU.Build.0 = Debug|Any CPU
		{614D020D-E92D-4EEF-B6DD-1FF58DD399C1}.Release|Any CPU.ActiveCfg = Release|Any CPU
		{614D020D-E92D-4EEF-B6DD-1FF58DD399C1}.Release|Any CPU.Build.0 = Release|Any CPU
		{614D020D-E92D-4EEF-B6DD-1FF58DD399C1}.Debug|iPhoneSimulator.ActiveCfg = Debug|Any CPU
		{614D020D-E92D-4EEF-B6DD-1FF58DD399C1}.Debug|iPhoneSimulator.Build.0 = Debug|Any CPU
		{614D020D-E92D-4EEF-B6DD-1FF58DD399C1}.Release|iPhoneSimulator.ActiveCfg = Release|Any CPU
		{614D020D-E92D-4EEF-B6DD-1FF58DD399C1}.Release|iPhoneSimulator.Build.0 = Release|Any CPU
		{614D020D-E92D-4EEF-B6DD-1FF58DD399C1}.Debug|iPhone.ActiveCfg = Debug|Any CPU
		{614D020D-E92D-4EEF-B6DD-1FF58DD399C1}.Debug|iPhone.Build.0 = Debug|Any CPU
		{614D020D-E92D-4EEF-B6DD-1FF58DD399C1}.Release|iPhone.ActiveCfg = Release|Any CPU
		{614D020D-E92D-4EEF-B6DD-1FF58DD399C1}.Release|iPhone.Build.0 = Release|Any CPU
		{614D020D-E92D-4EEF-B6DD-1FF58DD399C1}.Ad-Hoc|iPhone.ActiveCfg = Debug|Any CPU
		{614D020D-E92D-4EEF-B6DD-1FF58DD399C1}.Ad-Hoc|iPhone.Build.0 = Debug|Any CPU
		{614D020D-E92D-4EEF-B6DD-1FF58DD399C1}.AppStore|iPhone.ActiveCfg = Debug|Any CPU
		{614D020D-E92D-4EEF-B6DD-1FF58DD399C1}.AppStore|iPhone.Build.0 = Debug|Any CPU
		{BC2889AE-67AA-4C08-8B2D-85C707FAEEE4}.Debug|Any CPU.ActiveCfg = Debug|iPhoneSimulator
		{BC2889AE-67AA-4C08-8B2D-85C707FAEEE4}.Debug|Any CPU.Build.0 = Debug|iPhoneSimulator
		{BC2889AE-67AA-4C08-8B2D-85C707FAEEE4}.Release|Any CPU.ActiveCfg = Release|iPhoneSimulator
		{BC2889AE-67AA-4C08-8B2D-85C707FAEEE4}.Release|Any CPU.Build.0 = Release|iPhoneSimulator
		{BC2889AE-67AA-4C08-8B2D-85C707FAEEE4}.Debug|iPhoneSimulator.ActiveCfg = Debug|iPhoneSimulator
		{BC2889AE-67AA-4C08-8B2D-85C707FAEEE4}.Debug|iPhoneSimulator.Build.0 = Debug|iPhoneSimulator
		{BC2889AE-67AA-4C08-8B2D-85C707FAEEE4}.Release|iPhoneSimulator.ActiveCfg = Release|iPhoneSimulator
		{BC2889AE-67AA-4C08-8B2D-85C707FAEEE4}.Release|iPhoneSimulator.Build.0 = Release|iPhoneSimulator
		{BC2889AE-67AA-4C08-8B2D-85C707FAEEE4}.Debug|iPhone.ActiveCfg = Debug|iPhone
		{BC2889AE-67AA-4C08-8B2D-85C707FAEEE4}.Debug|iPhone.Build.0 = Debug|iPhone
		{BC2889AE-67AA-4C08-8B2D-85C707FAEEE4}.Release|iPhone.ActiveCfg = Release|iPhone
		{BC2889AE-67AA-4C08-8B2D-85C707FAEEE4}.Release|iPhone.Build.0 = Release|iPhone
		{BC2889AE-67AA-4C08-8B2D-85C707FAEEE4}.Ad-Hoc|iPhone.ActiveCfg = Ad-Hoc|iPhone
		{BC2889AE-67AA-4C08-8B2D-85C707FAEEE4}.Ad-Hoc|iPhone.Build.0 = Ad-Hoc|iPhone
		{BC2889AE-67AA-4C08-8B2D-85C707FAEEE4}.AppStore|iPhone.ActiveCfg = AppStore|iPhone
		{BC2889AE-67AA-4C08-8B2D-85C707FAEEE4}.AppStore|iPhone.Build.0 = AppStore|iPhone
		{C84D2918-4D1B-4CE6-B7F5-88D7E36681B6}.Debug|Any CPU.ActiveCfg = Debug|Any CPU
		{C84D2918-4D1B-4CE6-B7F5-88D7E36681B6}.Debug|Any CPU.Build.0 = Debug|Any CPU
		{C84D2918-4D1B-4CE6-B7F5-88D7E36681B6}.Release|Any CPU.ActiveCfg = Release|Any CPU
		{C84D2918-4D1B-4CE6-B7F5-88D7E36681B6}.Release|Any CPU.Build.0 = Release|Any CPU
		{C84D2918-4D1B-4CE6-B7F5-88D7E36681B6}.Debug|iPhoneSimulator.ActiveCfg = Debug|Any CPU
		{C84D2918-4D1B-4CE6-B7F5-88D7E36681B6}.Debug|iPhoneSimulator.Build.0 = Debug|Any CPU
		{C84D2918-4D1B-4CE6-B7F5-88D7E36681B6}.Release|iPhoneSimulator.ActiveCfg = Release|Any CPU
		{C84D2918-4D1B-4CE6-B7F5-88D7E36681B6}.Release|iPhoneSimulator.Build.0 = Release|Any CPU
		{C84D2918-4D1B-4CE6-B7F5-88D7E36681B6}.Debug|iPhone.ActiveCfg = Debug|Any CPU
		{C84D2918-4D1B-4CE6-B7F5-88D7E36681B6}.Debug|iPhone.Build.0 = Debug|Any CPU
		{C84D2918-4D1B-4CE6-B7F5-88D7E36681B6}.Release|iPhone.ActiveCfg = Release|Any CPU
		{C84D2918-4D1B-4CE6-B7F5-88D7E36681B6}.Release|iPhone.Build.0 = Release|Any CPU
		{C84D2918-4D1B-4CE6-B7F5-88D7E36681B6}.Ad-Hoc|iPhone.ActiveCfg = Debug|Any CPU
		{C84D2918-4D1B-4CE6-B7F5-88D7E36681B6}.Ad-Hoc|iPhone.Build.0 = Debug|Any CPU
		{C84D2918-4D1B-4CE6-B7F5-88D7E36681B6}.AppStore|iPhone.ActiveCfg = Debug|Any CPU
		{C84D2918-4D1B-4CE6-B7F5-88D7E36681B6}.AppStore|iPhone.Build.0 = Debug|Any CPU
	EndGlobalSection
EndGlobal
